// !$*UTF8*$!
{
	archiveVersion = 1;
	classes = {
	};
	objectVersion = 50;
	objects = {

/* Begin PBXBuildFile section */
		E06B52AE26250EE50062CB0E /* NALocationViewController.swift in Sources */ = {isa = PBXBuildFile; fileRef = E06B52AD26250EE50062CB0E /* NALocationViewController.swift */; };
		E081E95C2610FFD500C3A831 /* Date+Ex.swift in Sources */ = {isa = PBXBuildFile; fileRef = E081E95B2610FFD500C3A831 /* Date+Ex.swift */; };
		E0883A2B260CE650005CE323 /* AppDelegate.swift in Sources */ = {isa = PBXBuildFile; fileRef = E0883A2A260CE650005CE323 /* AppDelegate.swift */; };
		E0883A2D260CE650005CE323 /* SceneDelegate.swift in Sources */ = {isa = PBXBuildFile; fileRef = E0883A2C260CE650005CE323 /* SceneDelegate.swift */; };
		E0883A32260CE650005CE323 /* Main.storyboard in Resources */ = {isa = PBXBuildFile; fileRef = E0883A30260CE650005CE323 /* Main.storyboard */; };
		E0883A34260CE651005CE323 /* Assets.xcassets in Resources */ = {isa = PBXBuildFile; fileRef = E0883A33260CE651005CE323 /* Assets.xcassets */; };
		E0883A37260CE652005CE323 /* LaunchScreen.storyboard in Resources */ = {isa = PBXBuildFile; fileRef = E0883A35260CE652005CE323 /* LaunchScreen.storyboard */; };
		E0883A40260CE6C6005CE323 /* NewsModel.swift in Sources */ = {isa = PBXBuildFile; fileRef = E0883A3F260CE6C6005CE323 /* NewsModel.swift */; };
		E0883A43260CF360005CE323 /* Models.swift in Sources */ = {isa = PBXBuildFile; fileRef = E0883A42260CF360005CE323 /* Models.swift */; };
		E0883A47260D00AA005CE323 /* NewsViewController.swift in Sources */ = {isa = PBXBuildFile; fileRef = E0883A46260D00AA005CE323 /* NewsViewController.swift */; };
		E09E8C532610B28D00FA158A /* OneNewsViewController.swift in Sources */ = {isa = PBXBuildFile; fileRef = E09E8C522610B28D00FA158A /* OneNewsViewController.swift */; };
		E09E8C562610C5E500FA158A /* PageViewController.swift in Sources */ = {isa = PBXBuildFile; fileRef = E09E8C552610C5E500FA158A /* PageViewController.swift */; };
		E09E8C5A2610E39300FA158A /* ButtonView.swift in Sources */ = {isa = PBXBuildFile; fileRef = E09E8C592610E39300FA158A /* ButtonView.swift */; };
		E09E8C5D2610E70300FA158A /* SF-Pro-Display-Medium.otf in Resources */ = {isa = PBXBuildFile; fileRef = E09E8C5C2610E70300FA158A /* SF-Pro-Display-Medium.otf */; };
		E09E8C602610E70800FA158A /* SF-Pro-Display-Black.otf in Resources */ = {isa = PBXBuildFile; fileRef = E09E8C5F2610E70800FA158A /* SF-Pro-Display-Black.otf */; };
		E09E8C632610EB4200FA158A /* TabBar.swift in Sources */ = {isa = PBXBuildFile; fileRef = E09E8C622610EB4200FA158A /* TabBar.swift */; };
		E09E8C672610EDFF00FA158A /* RoundImageView.swift in Sources */ = {isa = PBXBuildFile; fileRef = E09E8C662610EDFF00FA158A /* RoundImageView.swift */; };
/* End PBXBuildFile section */

/* Begin PBXFileReference section */
		E06B52AD26250EE50062CB0E /* NALocationViewController.swift */ = {isa = PBXFileReference; lastKnownFileType = sourcecode.swift; path = NALocationViewController.swift; sourceTree = "<group>"; };
		E081E95B2610FFD500C3A831 /* Date+Ex.swift */ = {isa = PBXFileReference; lastKnownFileType = sourcecode.swift; path = "Date+Ex.swift"; sourceTree = "<group>"; };
		E0883A27260CE650005CE323 /* NewsAPP.app */ = {isa = PBXFileReference; explicitFileType = wrapper.application; includeInIndex = 0; path = NewsAPP.app; sourceTree = BUILT_PRODUCTS_DIR; };
		E0883A2A260CE650005CE323 /* AppDelegate.swift */ = {isa = PBXFileReference; lastKnownFileType = sourcecode.swift; path = AppDelegate.swift; sourceTree = "<group>"; };
		E0883A2C260CE650005CE323 /* SceneDelegate.swift */ = {isa = PBXFileReference; lastKnownFileType = sourcecode.swift; path = SceneDelegate.swift; sourceTree = "<group>"; };
		E0883A31260CE650005CE323 /* Base */ = {isa = PBXFileReference; lastKnownFileType = file.storyboard; name = Base; path = Base.lproj/Main.storyboard; sourceTree = "<group>"; };
		E0883A33260CE651005CE323 /* Assets.xcassets */ = {isa = PBXFileReference; lastKnownFileType = folder.assetcatalog; path = Assets.xcassets; sourceTree = "<group>"; };
		E0883A36260CE652005CE323 /* Base */ = {isa = PBXFileReference; lastKnownFileType = file.storyboard; name = Base; path = Base.lproj/LaunchScreen.storyboard; sourceTree = "<group>"; };
		E0883A38260CE652005CE323 /* Info.plist */ = {isa = PBXFileReference; lastKnownFileType = text.plist.xml; path = Info.plist; sourceTree = "<group>"; };
		E0883A3F260CE6C6005CE323 /* NewsModel.swift */ = {isa = PBXFileReference; lastKnownFileType = sourcecode.swift; path = NewsModel.swift; sourceTree = "<group>"; };
		E0883A42260CF360005CE323 /* Models.swift */ = {isa = PBXFileReference; lastKnownFileType = sourcecode.swift; path = Models.swift; sourceTree = "<group>"; };
		E0883A46260D00AA005CE323 /* NewsViewController.swift */ = {isa = PBXFileReference; lastKnownFileType = sourcecode.swift; path = NewsViewController.swift; sourceTree = "<group>"; };
		E09E8C522610B28D00FA158A /* OneNewsViewController.swift */ = {isa = PBXFileReference; lastKnownFileType = sourcecode.swift; path = OneNewsViewController.swift; sourceTree = "<group>"; };
		E09E8C552610C5E500FA158A /* PageViewController.swift */ = {isa = PBXFileReference; lastKnownFileType = sourcecode.swift; path = PageViewController.swift; sourceTree = "<group>"; };
		E09E8C592610E39300FA158A /* ButtonView.swift */ = {isa = PBXFileReference; lastKnownFileType = sourcecode.swift; path = ButtonView.swift; sourceTree = "<group>"; };
		E09E8C5C2610E70300FA158A /* SF-Pro-Display-Medium.otf */ = {isa = PBXFileReference; lastKnownFileType = file; name = "SF-Pro-Display-Medium.otf"; path = "../../../../Downloads/SF-Pro-Display-Medium.otf"; sourceTree = "<group>"; };
		E09E8C5F2610E70800FA158A /* SF-Pro-Display-Black.otf */ = {isa = PBXFileReference; lastKnownFileType = file; name = "SF-Pro-Display-Black.otf"; path = "../../../../Downloads/SF-Pro-Display-Black.otf"; sourceTree = "<group>"; };
		E09E8C622610EB4200FA158A /* TabBar.swift */ = {isa = PBXFileReference; lastKnownFileType = sourcecode.swift; path = TabBar.swift; sourceTree = "<group>"; };
		E09E8C662610EDFF00FA158A /* RoundImageView.swift */ = {isa = PBXFileReference; lastKnownFileType = sourcecode.swift; path = RoundImageView.swift; sourceTree = "<group>"; };
		E09E8C712610F31900FA158A /* SF-Pro-Display-Black.otf */ = {isa = PBXFileReference; lastKnownFileType = file; path = "SF-Pro-Display-Black.otf"; sourceTree = "<group>"; };
		E09E8C722610F31C00FA158A /* SF-Pro-Display-Black.otf */ = {isa = PBXFileReference; lastKnownFileType = file; name = "SF-Pro-Display-Black.otf"; path = "../../../../../Downloads/SF-Pro-Display-Black.otf"; sourceTree = "<group>"; };
		E09E8C732610F31D00FA158A /* SF-Pro-Display-Medium.otf */ = {isa = PBXFileReference; lastKnownFileType = file; path = "SF-Pro-Display-Medium.otf"; sourceTree = "<group>"; };
		E09E8C742610F32900FA158A /* SF-Pro-Display-Medium.otf */ = {isa = PBXFileReference; lastKnownFileType = file; name = "SF-Pro-Display-Medium.otf"; path = "../../../../../Downloads/SF-Pro-Display-Medium.otf"; sourceTree = "<group>"; };
/* End PBXFileReference section */

/* Begin PBXFrameworksBuildPhase section */
		E0883A24260CE650005CE323 /* Frameworks */ = {
			isa = PBXFrameworksBuildPhase;
			buildActionMask = 2147483647;
			files = (
			);
			runOnlyForDeploymentPostprocessing = 0;
		};
/* End PBXFrameworksBuildPhase section */

/* Begin PBXGroup section */
		E081E95E2610FFE300C3A831 /* Extension */ = {
			isa = PBXGroup;
			children = (
				E081E95B2610FFD500C3A831 /* Date+Ex.swift */,
			);
			name = Extension;
			path = Resources;
			sourceTree = "<group>";
		};
		E0883A1E260CE650005CE323 = {
			isa = PBXGroup;
			children = (
				E0883A29260CE650005CE323 /* NewsAPP */,
				E0883A28260CE650005CE323 /* Products */,
			);
			sourceTree = "<group>";
		};
		E0883A28260CE650005CE323 /* Products */ = {
			isa = PBXGroup;
			children = (
				E0883A27260CE650005CE323 /* NewsAPP.app */,
			);
			name = Products;
			sourceTree = "<group>";
		};
		E0883A29260CE650005CE323 /* NewsAPP */ = {
			isa = PBXGroup;
			children = (
				E09E8C4F2610ABEA00FA158A /* MODELS */,
				E09E8C6A2610F2B500FA158A /* Views */,
				E081E95E2610FFE300C3A831 /* Extension */,
				E09E8C6B2610F2CD00FA158A /* Controlles */,
				E09E8C6D2610F2EB00FA158A /* Resources */,
				E0883A2C260CE650005CE323 /* SceneDelegate.swift */,
				E0883A2A260CE650005CE323 /* AppDelegate.swift */,
				E0883A30260CE650005CE323 /* Main.storyboard */,
				E0883A33260CE651005CE323 /* Assets.xcassets */,
				E09E8C702610F31400FA158A /* Fonts */,
				E09E8C5F2610E70800FA158A /* SF-Pro-Display-Black.otf */,
				E09E8C5C2610E70300FA158A /* SF-Pro-Display-Medium.otf */,
				E0883A35260CE652005CE323 /* LaunchScreen.storyboard */,
				E0883A38260CE652005CE323 /* Info.plist */,
			);
			path = NewsAPP;
			sourceTree = "<group>";
		};
		E09E8C4F2610ABEA00FA158A /* MODELS */ = {
			isa = PBXGroup;
			children = (
				E0883A3F260CE6C6005CE323 /* NewsModel.swift */,
				E0883A42260CF360005CE323 /* Models.swift */,
			);
			path = MODELS;
			sourceTree = "<group>";
		};
		E09E8C6A2610F2B500FA158A /* Views */ = {
			isa = PBXGroup;
			children = (
				E09E8C662610EDFF00FA158A /* RoundImageView.swift */,
				E09E8C622610EB4200FA158A /* TabBar.swift */,
				E09E8C592610E39300FA158A /* ButtonView.swift */,
			);
			path = Views;
			sourceTree = "<group>";
		};
		E09E8C6B2610F2CD00FA158A /* Controlles */ = {
			isa = PBXGroup;
			children = (
				E0883A46260D00AA005CE323 /* NewsViewController.swift */,
				E09E8C522610B28D00FA158A /* OneNewsViewController.swift */,
				E09E8C552610C5E500FA158A /* PageViewController.swift */,
				E06B52AD26250EE50062CB0E /* NALocationViewController.swift */,
			);
			path = Controlles;
			sourceTree = "<group>";
		};
		E09E8C6D2610F2EB00FA158A /* Resources */ = {
			isa = PBXGroup;
			children = (
			);
			path = Resources;
			sourceTree = "<group>";
		};
		E09E8C702610F31400FA158A /* Fonts */ = {
			isa = PBXGroup;
			children = (
				E09E8C732610F31D00FA158A /* SF-Pro-Display-Medium.otf */,
				E09E8C742610F32900FA158A /* SF-Pro-Display-Medium.otf */,
				E09E8C722610F31C00FA158A /* SF-Pro-Display-Black.otf */,
				E09E8C712610F31900FA158A /* SF-Pro-Display-Black.otf */,
			);
			path = Fonts;
			sourceTree = "<group>";
		};
/* End PBXGroup section */

/* Begin PBXNativeTarget section */
		E0883A26260CE650005CE323 /* NewsAPP */ = {
			isa = PBXNativeTarget;
			buildConfigurationList = E0883A3B260CE652005CE323 /* Build configuration list for PBXNativeTarget "NewsAPP" */;
			buildPhases = (
				E0883A23260CE650005CE323 /* Sources */,
				E0883A24260CE650005CE323 /* Frameworks */,
				E0883A25260CE650005CE323 /* Resources */,
				E09E8C752610F38300FA158A /* Swift Lint */,
			);
			buildRules = (
			);
			dependencies = (
			);
			name = NewsAPP;
			productName = NewsAPP;
			productReference = E0883A27260CE650005CE323 /* NewsAPP.app */;
			productType = "com.apple.product-type.application";
		};
/* End PBXNativeTarget section */

/* Begin PBXProject section */
		E0883A1F260CE650005CE323 /* Project object */ = {
			isa = PBXProject;
			attributes = {
				LastSwiftUpdateCheck = 1240;
				LastUpgradeCheck = 1240;
				TargetAttributes = {
					E0883A26260CE650005CE323 = {
						CreatedOnToolsVersion = 12.4;
					};
				};
			};
			buildConfigurationList = E0883A22260CE650005CE323 /* Build configuration list for PBXProject "NewsAPP" */;
			compatibilityVersion = "Xcode 9.3";
			developmentRegion = en;
			hasScannedForEncodings = 0;
			knownRegions = (
				en,
				Base,
			);
			mainGroup = E0883A1E260CE650005CE323;
			productRefGroup = E0883A28260CE650005CE323 /* Products */;
			projectDirPath = "";
			projectRoot = "";
			targets = (
				E0883A26260CE650005CE323 /* NewsAPP */,
			);
		};
/* End PBXProject section */

/* Begin PBXResourcesBuildPhase section */
		E0883A25260CE650005CE323 /* Resources */ = {
			isa = PBXResourcesBuildPhase;
			buildActionMask = 2147483647;
			files = (
				E09E8C5D2610E70300FA158A /* SF-Pro-Display-Medium.otf in Resources */,
				E0883A37260CE652005CE323 /* LaunchScreen.storyboard in Resources */,
				E09E8C602610E70800FA158A /* SF-Pro-Display-Black.otf in Resources */,
				E0883A34260CE651005CE323 /* Assets.xcassets in Resources */,
				E0883A32260CE650005CE323 /* Main.storyboard in Resources */,
			);
			runOnlyForDeploymentPostprocessing = 0;
		};
/* End PBXResourcesBuildPhase section */

/* Begin PBXShellScriptBuildPhase section */
		E09E8C752610F38300FA158A /* Swift Lint */ = {
			isa = PBXShellScriptBuildPhase;
			buildActionMask = 2147483647;
			files = (
			);
			inputFileListPaths = (
			);
			inputPaths = (
			);
			name = "Swift Lint";
			outputFileListPaths = (
			);
			outputPaths = (
			);
			runOnlyForDeploymentPostprocessing = 0;
			shellPath = /bin/sh;
			shellScript = "
";
		};
/* End PBXShellScriptBuildPhase section */

/* Begin PBXSourcesBuildPhase section */
		E0883A23260CE650005CE323 /* Sources */ = {
			isa = PBXSourcesBuildPhase;
			buildActionMask = 2147483647;
			files = (
				E081E95C2610FFD500C3A831 /* Date+Ex.swift in Sources */,
				E09E8C632610EB4200FA158A /* TabBar.swift in Sources */,
				E0883A2B260CE650005CE323 /* AppDelegate.swift in Sources */,
				E09E8C562610C5E500FA158A /* PageViewController.swift in Sources */,
				E09E8C5A2610E39300FA158A /* ButtonView.swift in Sources */,
				E0883A2D260CE650005CE323 /* SceneDelegate.swift in Sources */,
				E09E8C672610EDFF00FA158A /* RoundImageView.swift in Sources */,
				E0883A40260CE6C6005CE323 /* NewsModel.swift in Sources */,
				E06B52AE26250EE50062CB0E /* NALocationViewController.swift in Sources */,
				E0883A47260D00AA005CE323 /* NewsViewController.swift in Sources */,
				E09E8C532610B28D00FA158A /* OneNewsViewController.swift in Sources */,
				E0883A43260CF360005CE323 /* Models.swift in Sources */,
			);
			runOnlyForDeploymentPostprocessing = 0;
		};
/* End PBXSourcesBuildPhase section */

/* Begin PBXVariantGroup section */
		E0883A30260CE650005CE323 /* Main.storyboard */ = {
			isa = PBXVariantGroup;
			children = (
				E0883A31260CE650005CE323 /* Base */,
			);
			name = Main.storyboard;
			sourceTree = "<group>";
		};
		E0883A35260CE652005CE323 /* LaunchScreen.storyboard */ = {
			isa = PBXVariantGroup;
			children = (
				E0883A36260CE652005CE323 /* Base */,
			);
			name = LaunchScreen.storyboard;
			sourceTree = "<group>";
		};
/* End PBXVariantGroup section */

/* Begin XCBuildConfiguration section */
		E0883A39260CE652005CE323 /* Debug */ = {
			isa = XCBuildConfiguration;
			buildSettings = {
				ALWAYS_SEARCH_USER_PATHS = NO;
				CLANG_ANALYZER_NONNULL = YES;
				CLANG_ANALYZER_NUMBER_OBJECT_CONVERSION = YES_AGGRESSIVE;
				CLANG_CXX_LANGUAGE_STANDARD = "gnu++14";
				CLANG_CXX_LIBRARY = "libc++";
				CLANG_ENABLE_MODULES = YES;
				CLANG_ENABLE_OBJC_ARC = YES;
				CLANG_ENABLE_OBJC_WEAK = YES;
				CLANG_WARN_BLOCK_CAPTURE_AUTORELEASING = YES;
				CLANG_WARN_BOOL_CONVERSION = YES;
				CLANG_WARN_COMMA = YES;
				CLANG_WARN_CONSTANT_CONVERSION = YES;
				CLANG_WARN_DEPRECATED_OBJC_IMPLEMENTATIONS = YES;
				CLANG_WARN_DIRECT_OBJC_ISA_USAGE = YES_ERROR;
				CLANG_WARN_DOCUMENTATION_COMMENTS = YES;
				CLANG_WARN_EMPTY_BODY = YES;
				CLANG_WARN_ENUM_CONVERSION = YES;
				CLANG_WARN_INFINITE_RECURSION = YES;
				CLANG_WARN_INT_CONVERSION = YES;
				CLANG_WARN_NON_LITERAL_NULL_CONVERSION = YES;
				CLANG_WARN_OBJC_IMPLICIT_RETAIN_SELF = YES;
				CLANG_WARN_OBJC_LITERAL_CONVERSION = YES;
				CLANG_WARN_OBJC_ROOT_CLASS = YES_ERROR;
				CLANG_WARN_QUOTED_INCLUDE_IN_FRAMEWORK_HEADER = YES;
				CLANG_WARN_RANGE_LOOP_ANALYSIS = YES;
				CLANG_WARN_STRICT_PROTOTYPES = YES;
				CLANG_WARN_SUSPICIOUS_MOVE = YES;
				CLANG_WARN_UNGUARDED_AVAILABILITY = YES_AGGRESSIVE;
				CLANG_WARN_UNREACHABLE_CODE = YES;
				CLANG_WARN__DUPLICATE_METHOD_MATCH = YES;
				COPY_PHASE_STRIP = NO;
				DEBUG_INFORMATION_FORMAT = dwarf;
				ENABLE_STRICT_OBJC_MSGSEND = YES;
				ENABLE_TESTABILITY = YES;
				GCC_C_LANGUAGE_STANDARD = gnu11;
				GCC_DYNAMIC_NO_PIC = NO;
				GCC_NO_COMMON_BLOCKS = YES;
				GCC_OPTIMIZATION_LEVEL = 0;
				GCC_PREPROCESSOR_DEFINITIONS = (
					"DEBUG=1",
					"$(inherited)",
				);
				GCC_WARN_64_TO_32_BIT_CONVERSION = YES;
				GCC_WARN_ABOUT_RETURN_TYPE = YES_ERROR;
				GCC_WARN_UNDECLARED_SELECTOR = YES;
				GCC_WARN_UNINITIALIZED_AUTOS = YES_AGGRESSIVE;
				GCC_WARN_UNUSED_FUNCTION = YES;
				GCC_WARN_UNUSED_VARIABLE = YES;
				IPHONEOS_DEPLOYMENT_TARGET = 14.4;
				MTL_ENABLE_DEBUG_INFO = INCLUDE_SOURCE;
				MTL_FAST_MATH = YES;
				ONLY_ACTIVE_ARCH = YES;
				SDKROOT = iphoneos;
				SWIFT_ACTIVE_COMPILATION_CONDITIONS = DEBUG;
				SWIFT_OPTIMIZATION_LEVEL = "-Onone";
			};
			name = Debug;
		};
		E0883A3A260CE652005CE323 /* Release */ = {
			isa = XCBuildConfiguration;
			buildSettings = {
				ALWAYS_SEARCH_USER_PATHS = NO;
				CLANG_ANALYZER_NONNULL = YES;
				CLANG_ANALYZER_NUMBER_OBJECT_CONVERSION = YES_AGGRESSIVE;
				CLANG_CXX_LANGUAGE_STANDARD = "gnu++14";
				CLANG_CXX_LIBRARY = "libc++";
				CLANG_ENABLE_MODULES = YES;
				CLANG_ENABLE_OBJC_ARC = YES;
				CLANG_ENABLE_OBJC_WEAK = YES;
				CLANG_WARN_BLOCK_CAPTURE_AUTORELEASING = YES;
				CLANG_WARN_BOOL_CONVERSION = YES;
				CLANG_WARN_COMMA = YES;
				CLANG_WARN_CONSTANT_CONVERSION = YES;
				CLANG_WARN_DEPRECATED_OBJC_IMPLEMENTATIONS = YES;
				CLANG_WARN_DIRECT_OBJC_ISA_USAGE = YES_ERROR;
				CLANG_WARN_DOCUMENTATION_COMMENTS = YES;
				CLANG_WARN_EMPTY_BODY = YES;
				CLANG_WARN_ENUM_CONVERSION = YES;
				CLANG_WARN_INFINITE_RECURSION = YES;
				CLANG_WARN_INT_CONVERSION = YES;
				CLANG_WARN_NON_LITERAL_NULL_CONVERSION = YES;
				CLANG_WARN_OBJC_IMPLICIT_RETAIN_SELF = YES;
				CLANG_WARN_OBJC_LITERAL_CONVERSION = YES;
				CLANG_WARN_OBJC_ROOT_CLASS = YES_ERROR;
				CLANG_WARN_QUOTED_INCLUDE_IN_FRAMEWORK_HEADER = YES;
				CLANG_WARN_RANGE_LOOP_ANALYSIS = YES;
				CLANG_WARN_STRICT_PROTOTYPES = YES;
				CLANG_WARN_SUSPICIOUS_MOVE = YES;
				CLANG_WARN_UNGUARDED_AVAILABILITY = YES_AGGRESSIVE;
				CLANG_WARN_UNREACHABLE_CODE = YES;
				CLANG_WARN__DUPLICATE_METHOD_MATCH = YES;
				COPY_PHASE_STRIP = NO;
				DEBUG_INFORMATION_FORMAT = "dwarf-with-dsym";
				ENABLE_NS_ASSERTIONS = NO;
				ENABLE_STRICT_OBJC_MSGSEND = YES;
				GCC_C_LANGUAGE_STANDARD = gnu11;
				GCC_NO_COMMON_BLOCKS = YES;
				GCC_WARN_64_TO_32_BIT_CONVERSION = YES;
				GCC_WARN_ABOUT_RETURN_TYPE = YES_ERROR;
				GCC_WARN_UNDECLARED_SELECTOR = YES;
				GCC_WARN_UNINITIALIZED_AUTOS = YES_AGGRESSIVE;
				GCC_WARN_UNUSED_FUNCTION = YES;
				GCC_WARN_UNUSED_VARIABLE = YES;
				IPHONEOS_DEPLOYMENT_TARGET = 14.4;
				MTL_ENABLE_DEBUG_INFO = NO;
				MTL_FAST_MATH = YES;
				SDKROOT = iphoneos;
				SWIFT_COMPILATION_MODE = wholemodule;
				SWIFT_OPTIMIZATION_LEVEL = "-O";
				VALIDATE_PRODUCT = YES;
			};
			name = Release;
		};
		E0883A3C260CE652005CE323 /* Debug */ = {
			isa = XCBuildConfiguration;
			buildSettings = {
				ASSETCATALOG_COMPILER_APPICON_NAME = AppIcon;
				ASSETCATALOG_COMPILER_GLOBAL_ACCENT_COLOR_NAME = AccentColor;
				CODE_SIGN_STYLE = Automatic;
				DEVELOPMENT_TEAM = Z6Y38XHK9J;
				INFOPLIST_FILE = NewsAPP/Info.plist;
				LD_RUNPATH_SEARCH_PATHS = (
					"$(inherited)",
					"@executable_path/Frameworks",
				);
				PRODUCT_BUNDLE_IDENTIFIER = by.soiko.NewsAPP;
				PRODUCT_NAME = "$(TARGET_NAME)";
				SWIFT_VERSION = 5.0;
				TARGETED_DEVICE_FAMILY = "1,2";
			};
			name = Debug;
		};
		E0883A3D260CE652005CE323 /* Release */ = {
			isa = XCBuildConfiguration;
			buildSettings = {
				ASSETCATALOG_COMPILER_APPICON_NAME = AppIcon;
				ASSETCATALOG_COMPILER_GLOBAL_ACCENT_COLOR_NAME = AccentColor;
				CODE_SIGN_STYLE = Automatic;
				DEVELOPMENT_TEAM = Z6Y38XHK9J;
				INFOPLIST_FILE = NewsAPP/Info.plist;
				LD_RUNPATH_SEARCH_PATHS = (
					"$(inherited)",
					"@executable_path/Frameworks",
				);
				PRODUCT_BUNDLE_IDENTIFIER = by.soiko.NewsAPP;
				PRODUCT_NAME = "$(TARGET_NAME)";
				SWIFT_VERSION = 5.0;
				TARGETED_DEVICE_FAMILY = "1,2";
			};
			name = Release;
		};
/* End XCBuildConfiguration section */

/* Begin XCConfigurationList section */
		E0883A22260CE650005CE323 /* Build configuration list for PBXProject "NewsAPP" */ = {
			isa = XCConfigurationList;
			buildConfigurations = (
				E0883A39260CE652005CE323 /* Debug */,
				E0883A3A260CE652005CE323 /* Release */,
			);
			defaultConfigurationIsVisible = 0;
			defaultConfigurationName = Release;
		};
		E0883A3B260CE652005CE323 /* Build configuration list for PBXNativeTarget "NewsAPP" */ = {
			isa = XCConfigurationList;
			buildConfigurations = (
				E0883A3C260CE652005CE323 /* Debug */,
				E0883A3D260CE652005CE323 /* Release */,
			);
			defaultConfigurationIsVisible = 0;
			defaultConfigurationName = Release;
		};
/* End XCConfigurationList section */
	};
	rootObject = E0883A1F260CE650005CE323 /* Project object */;
}
