// !$*UTF8*$!
{
	archiveVersion = 1;
	classes = {
	};
	objectVersion = 51;
	objects = {

/* Begin PBXBuildFile section */
		4587FF0D335689F20632C252 /* Pods_NewsAPP.framework in Frameworks */ = {isa = PBXBuildFile; fileRef = 17ACA9B90C74AADE51C828ED /* Pods_NewsAPP.framework */; };
		E03E2AC0262729180072F6CA /* NAAboutUsController.swift in Sources */ = {isa = PBXBuildFile; fileRef = E03E2ABF262729180072F6CA /* NAAboutUsController.swift */; };
		E03E2ACE26285B620072F6CA /* NANewsModel.swift in Sources */ = {isa = PBXBuildFile; fileRef = E03E2ACD26285B620072F6CA /* NANewsModel.swift */; };
		E03E2AD226285B8C0072F6CA /* NAApiConnection.swift in Sources */ = {isa = PBXBuildFile; fileRef = E03E2AD126285B8C0072F6CA /* NAApiConnection.swift */; };
		E03E2AD526285BB50072F6CA /* NANewsViewController.swift in Sources */ = {isa = PBXBuildFile; fileRef = E03E2AD426285BB50072F6CA /* NANewsViewController.swift */; };
		E03E2AD826285BE00072F6CA /* NAPageViewController.swift in Sources */ = {isa = PBXBuildFile; fileRef = E03E2AD726285BE00072F6CA /* NAPageViewController.swift */; };
		E03E2ADB26285C070072F6CA /* NAOneNewsViewController.swift in Sources */ = {isa = PBXBuildFile; fileRef = E03E2ADA26285C070072F6CA /* NAOneNewsViewController.swift */; };
		E03E2AE2262864580072F6CA /* NAOneboardingViewController.swift in Sources */ = {isa = PBXBuildFile; fileRef = E03E2AE1262864580072F6CA /* NAOneboardingViewController.swift */; };
		E03E2AEA26286FA70072F6CA /* NAOnboardingSlide.swift in Sources */ = {isa = PBXBuildFile; fileRef = E03E2AE926286FA70072F6CA /* NAOnboardingSlide.swift */; };
		E03E2AEF262872AC0072F6CA /* NAOnboardingViewCell.swift in Sources */ = {isa = PBXBuildFile; fileRef = E03E2AEE262872AC0072F6CA /* NAOnboardingViewCell.swift */; };
		E0446DF226304FD900B8FF22 /* NAWeatherController.swift in Sources */ = {isa = PBXBuildFile; fileRef = E0446DF126304FD900B8FF22 /* NAWeatherController.swift */; };
		E06B52AE26250EE50062CB0E /* NALocationViewController.swift in Sources */ = {isa = PBXBuildFile; fileRef = E06B52AD26250EE50062CB0E /* NALocationViewController.swift */; };
		E06B52B62625BDA60062CB0E /* NACollectionWithTimeTable.swift in Sources */ = {isa = PBXBuildFile; fileRef = E06B52B52625BDA50062CB0E /* NACollectionWithTimeTable.swift */; };
		E06B52BB2625D5B40062CB0E /* NAShedule.swift in Sources */ = {isa = PBXBuildFile; fileRef = E06B52BA2625D5B40062CB0E /* NAShedule.swift */; };
		E06B52BE2625D5EF0062CB0E /* NAAccets.swift in Sources */ = {isa = PBXBuildFile; fileRef = E06B52BD2625D5EF0062CB0E /* NAAccets.swift */; };
		E06B52C12625D6170062CB0E /* NASheduleStorage.swift in Sources */ = {isa = PBXBuildFile; fileRef = E06B52C02625D6170062CB0E /* NASheduleStorage.swift */; };
		E06B52C42625D9740062CB0E /* NAContextCell.swift in Sources */ = {isa = PBXBuildFile; fileRef = E06B52C32625D9740062CB0E /* NAContextCell.swift */; };
		E06B52CD2625EAD40062CB0E /* NAResizableLayout.swift in Sources */ = {isa = PBXBuildFile; fileRef = E06B52CC2625EAD40062CB0E /* NAResizableLayout.swift */; };
		E081E95C2610FFD500C3A831 /* Date+Ex.swift in Sources */ = {isa = PBXBuildFile; fileRef = E081E95B2610FFD500C3A831 /* Date+Ex.swift */; };
		E0883A2B260CE650005CE323 /* AppDelegate.swift in Sources */ = {isa = PBXBuildFile; fileRef = E0883A2A260CE650005CE323 /* AppDelegate.swift */; };
		E0883A2D260CE650005CE323 /* SceneDelegate.swift in Sources */ = {isa = PBXBuildFile; fileRef = E0883A2C260CE650005CE323 /* SceneDelegate.swift */; };
		E0883A32260CE650005CE323 /* Main.storyboard in Resources */ = {isa = PBXBuildFile; fileRef = E0883A30260CE650005CE323 /* Main.storyboard */; };
		E0883A34260CE651005CE323 /* Assets.xcassets in Resources */ = {isa = PBXBuildFile; fileRef = E0883A33260CE651005CE323 /* Assets.xcassets */; };
		E0883A37260CE652005CE323 /* LaunchScreen.storyboard in Resources */ = {isa = PBXBuildFile; fileRef = E0883A35260CE652005CE323 /* LaunchScreen.storyboard */; };
		E09E8C5A2610E39300FA158A /* NAButtonView.swift in Sources */ = {isa = PBXBuildFile; fileRef = E09E8C592610E39300FA158A /* NAButtonView.swift */; };
		E09E8C672610EDFF00FA158A /* NARoundImageView.swift in Sources */ = {isa = PBXBuildFile; fileRef = E09E8C662610EDFF00FA158A /* NARoundImageView.swift */; };
		E0A957A12629D2AF00DCB0FD /* NAIndicatorController.swift in Sources */ = {isa = PBXBuildFile; fileRef = E0A957A02629D2AF00DCB0FD /* NAIndicatorController.swift */; };
		E0ED2060262CD850003F7F59 /* Localizable.strings in Resources */ = {isa = PBXBuildFile; fileRef = E0ED2062262CD850003F7F59 /* Localizable.strings */; };
/* End PBXBuildFile section */

/* Begin PBXFileReference section */
		17ACA9B90C74AADE51C828ED /* Pods_NewsAPP.framework */ = {isa = PBXFileReference; explicitFileType = wrapper.framework; includeInIndex = 0; path = Pods_NewsAPP.framework; sourceTree = BUILT_PRODUCTS_DIR; };
		36EED1859533EAC3111629CF /* Pods-NewsAPP.release.xcconfig */ = {isa = PBXFileReference; includeInIndex = 1; lastKnownFileType = text.xcconfig; name = "Pods-NewsAPP.release.xcconfig"; path = "Target Support Files/Pods-NewsAPP/Pods-NewsAPP.release.xcconfig"; sourceTree = "<group>"; };
		49412FD81AA7B1AF17E3FDC5 /* Pods-NewsAPP.debug.xcconfig */ = {isa = PBXFileReference; includeInIndex = 1; lastKnownFileType = text.xcconfig; name = "Pods-NewsAPP.debug.xcconfig"; path = "Target Support Files/Pods-NewsAPP/Pods-NewsAPP.debug.xcconfig"; sourceTree = "<group>"; };
		E03E2ABF262729180072F6CA /* NAAboutUsController.swift */ = {isa = PBXFileReference; lastKnownFileType = sourcecode.swift; path = NAAboutUsController.swift; sourceTree = "<group>"; };
		E03E2ACD26285B620072F6CA /* NANewsModel.swift */ = {isa = PBXFileReference; lastKnownFileType = sourcecode.swift; path = NANewsModel.swift; sourceTree = "<group>"; };
		E03E2AD126285B8C0072F6CA /* NAApiConnection.swift */ = {isa = PBXFileReference; lastKnownFileType = sourcecode.swift; path = NAApiConnection.swift; sourceTree = "<group>"; };
		E03E2AD426285BB50072F6CA /* NANewsViewController.swift */ = {isa = PBXFileReference; lastKnownFileType = sourcecode.swift; path = NANewsViewController.swift; sourceTree = "<group>"; };
		E03E2AD726285BE00072F6CA /* NAPageViewController.swift */ = {isa = PBXFileReference; lastKnownFileType = sourcecode.swift; path = NAPageViewController.swift; sourceTree = "<group>"; };
		E03E2ADA26285C070072F6CA /* NAOneNewsViewController.swift */ = {isa = PBXFileReference; lastKnownFileType = sourcecode.swift; path = NAOneNewsViewController.swift; sourceTree = "<group>"; };
		E03E2AE1262864580072F6CA /* NAOneboardingViewController.swift */ = {isa = PBXFileReference; lastKnownFileType = sourcecode.swift; path = NAOneboardingViewController.swift; sourceTree = "<group>"; };
		E03E2AE926286FA70072F6CA /* NAOnboardingSlide.swift */ = {isa = PBXFileReference; lastKnownFileType = sourcecode.swift; path = NAOnboardingSlide.swift; sourceTree = "<group>"; };
		E03E2AEE262872AC0072F6CA /* NAOnboardingViewCell.swift */ = {isa = PBXFileReference; lastKnownFileType = sourcecode.swift; path = NAOnboardingViewCell.swift; sourceTree = "<group>"; };
		E0446DF126304FD900B8FF22 /* NAWeatherController.swift */ = {isa = PBXFileReference; lastKnownFileType = sourcecode.swift; path = NAWeatherController.swift; sourceTree = "<group>"; };
		E06B52AD26250EE50062CB0E /* NALocationViewController.swift */ = {isa = PBXFileReference; lastKnownFileType = sourcecode.swift; path = NALocationViewController.swift; sourceTree = "<group>"; };
		E06B52B52625BDA50062CB0E /* NACollectionWithTimeTable.swift */ = {isa = PBXFileReference; lastKnownFileType = sourcecode.swift; path = NACollectionWithTimeTable.swift; sourceTree = "<group>"; };
		E06B52BA2625D5B40062CB0E /* NAShedule.swift */ = {isa = PBXFileReference; lastKnownFileType = sourcecode.swift; path = NAShedule.swift; sourceTree = "<group>"; };
		E06B52BD2625D5EF0062CB0E /* NAAccets.swift */ = {isa = PBXFileReference; lastKnownFileType = sourcecode.swift; path = NAAccets.swift; sourceTree = "<group>"; };
		E06B52C02625D6170062CB0E /* NASheduleStorage.swift */ = {isa = PBXFileReference; lastKnownFileType = sourcecode.swift; path = NASheduleStorage.swift; sourceTree = "<group>"; };
		E06B52C32625D9740062CB0E /* NAContextCell.swift */ = {isa = PBXFileReference; lastKnownFileType = sourcecode.swift; path = NAContextCell.swift; sourceTree = "<group>"; };
		E06B52CC2625EAD40062CB0E /* NAResizableLayout.swift */ = {isa = PBXFileReference; lastKnownFileType = sourcecode.swift; path = NAResizableLayout.swift; sourceTree = "<group>"; };
		E081E95B2610FFD500C3A831 /* Date+Ex.swift */ = {isa = PBXFileReference; lastKnownFileType = sourcecode.swift; path = "Date+Ex.swift"; sourceTree = "<group>"; };
		E0883A27260CE650005CE323 /* NewsAPP.app */ = {isa = PBXFileReference; explicitFileType = wrapper.application; includeInIndex = 0; path = NewsAPP.app; sourceTree = BUILT_PRODUCTS_DIR; };
		E0883A2A260CE650005CE323 /* AppDelegate.swift */ = {isa = PBXFileReference; lastKnownFileType = sourcecode.swift; path = AppDelegate.swift; sourceTree = "<group>"; };
		E0883A2C260CE650005CE323 /* SceneDelegate.swift */ = {isa = PBXFileReference; lastKnownFileType = sourcecode.swift; path = SceneDelegate.swift; sourceTree = "<group>"; };
		E0883A31260CE650005CE323 /* Base */ = {isa = PBXFileReference; lastKnownFileType = file.storyboard; name = Base; path = Base.lproj/Main.storyboard; sourceTree = "<group>"; };
		E0883A33260CE651005CE323 /* Assets.xcassets */ = {isa = PBXFileReference; lastKnownFileType = folder.assetcatalog; path = Assets.xcassets; sourceTree = "<group>"; };
		E0883A36260CE652005CE323 /* Base */ = {isa = PBXFileReference; lastKnownFileType = file.storyboard; name = Base; path = Base.lproj/LaunchScreen.storyboard; sourceTree = "<group>"; };
		E0883A38260CE652005CE323 /* Info.plist */ = {isa = PBXFileReference; lastKnownFileType = text.plist.xml; path = Info.plist; sourceTree = "<group>"; };
		E09E8C592610E39300FA158A /* NAButtonView.swift */ = {isa = PBXFileReference; lastKnownFileType = sourcecode.swift; path = NAButtonView.swift; sourceTree = "<group>"; };
		E09E8C662610EDFF00FA158A /* NARoundImageView.swift */ = {isa = PBXFileReference; lastKnownFileType = sourcecode.swift; path = NARoundImageView.swift; sourceTree = "<group>"; };
		E09E8C712610F31900FA158A /* SF-Pro-Display-Black.otf */ = {isa = PBXFileReference; lastKnownFileType = file; path = "SF-Pro-Display-Black.otf"; sourceTree = "<group>"; };
		E09E8C742610F32900FA158A /* SF-Pro-Display-Medium.otf */ = {isa = PBXFileReference; lastKnownFileType = file; name = "SF-Pro-Display-Medium.otf"; path = "../../../../../Downloads/SF-Pro-Display-Medium.otf"; sourceTree = "<group>"; };
		E0A957A02629D2AF00DCB0FD /* NAIndicatorController.swift */ = {isa = PBXFileReference; lastKnownFileType = sourcecode.swift; path = NAIndicatorController.swift; sourceTree = "<group>"; };
		E0ED205D262CD731003F7F59 /* ru */ = {isa = PBXFileReference; lastKnownFileType = text.plist.strings; name = ru; path = ru.lproj/Main.strings; sourceTree = "<group>"; };
		E0ED205E262CD731003F7F59 /* ru */ = {isa = PBXFileReference; lastKnownFileType = text.plist.strings; name = ru; path = ru.lproj/LaunchScreen.strings; sourceTree = "<group>"; };
		E0ED2061262CD850003F7F59 /* en */ = {isa = PBXFileReference; lastKnownFileType = text.plist.strings; name = en; path = en.lproj/Localizable.strings; sourceTree = "<group>"; };
		E0ED2064262CD85E003F7F59 /* ru */ = {isa = PBXFileReference; lastKnownFileType = text.plist.strings; name = ru; path = ru.lproj/Localizable.strings; sourceTree = "<group>"; };
/* End PBXFileReference section */

/* Begin PBXFrameworksBuildPhase section */
		E0883A24260CE650005CE323 /* Frameworks */ = {
			isa = PBXFrameworksBuildPhase;
			buildActionMask = 2147483647;
			files = (
				4587FF0D335689F20632C252 /* Pods_NewsAPP.framework in Frameworks */,
			);
			runOnlyForDeploymentPostprocessing = 0;
		};
/* End PBXFrameworksBuildPhase section */

/* Begin PBXGroup section */
		02EC625CF033614CB82AB596 /* Pods */ = {
			isa = PBXGroup;
			children = (
				49412FD81AA7B1AF17E3FDC5 /* Pods-NewsAPP.debug.xcconfig */,
				36EED1859533EAC3111629CF /* Pods-NewsAPP.release.xcconfig */,
			);
			path = Pods;
			sourceTree = "<group>";
		};
		5070927AD52B49C9CE7DC5B0 /* Frameworks */ = {
			isa = PBXGroup;
			children = (
				17ACA9B90C74AADE51C828ED /* Pods_NewsAPP.framework */,
			);
			name = Frameworks;
			sourceTree = "<group>";
		};
		E03E2AA0262711300072F6CA /* Features */ = {
			isa = PBXGroup;
			children = (
				E06B52BD2625D5EF0062CB0E /* NAAccets.swift */,
			);
			path = Features;
			sourceTree = "<group>";
		};
		E03E2AA12627113E0072F6CA /* Controllers */ = {
			isa = PBXGroup;
			children = (
				E06B52B52625BDA50062CB0E /* NACollectionWithTimeTable.swift */,
			);
			path = Controllers;
			sourceTree = "<group>";
		};
		E03E2AA3262711990072F6CA /* Views */ = {
			isa = PBXGroup;
			children = (
				E06B52C02625D6170062CB0E /* NASheduleStorage.swift */,
				E03E2AA6262712790072F6CA /* Animation */,
				E03E2AA4262711BF0072F6CA /* Cell */,
			);
			path = Views;
			sourceTree = "<group>";
		};
		E03E2AA4262711BF0072F6CA /* Cell */ = {
			isa = PBXGroup;
			children = (
				E06B52C32625D9740062CB0E /* NAContextCell.swift */,
			);
			path = Cell;
			sourceTree = "<group>";
		};
		E03E2AA6262712790072F6CA /* Animation */ = {
			isa = PBXGroup;
			children = (
				E06B52CC2625EAD40062CB0E /* NAResizableLayout.swift */,
			);
			path = Animation;
			sourceTree = "<group>";
		};
		E03E2AA9262712C10072F6CA /* Common */ = {
			isa = PBXGroup;
			children = (
				E03E2AAA262712D90072F6CA /* Views */,
			);
			name = Common;
			path = "Collection Controller/Common";
			sourceTree = "<group>";
		};
		E03E2AAA262712D90072F6CA /* Views */ = {
			isa = PBXGroup;
			children = (
				E09E8C662610EDFF00FA158A /* NARoundImageView.swift */,
				E09E8C592610E39300FA158A /* NAButtonView.swift */,
			);
			path = Views;
			sourceTree = "<group>";
		};
		E03E2AB5262713E90072F6CA /* Controllers */ = {
			isa = PBXGroup;
			children = (
				E06B52AD26250EE50062CB0E /* NALocationViewController.swift */,
			);
			path = Controllers;
			sourceTree = "<group>";
		};
		E03E2ABD262728F40072F6CA /* AboutUs controllers */ = {
			isa = PBXGroup;
			children = (
				E03E2ABE262729040072F6CA /* Controller */,
			);
			path = "AboutUs controllers";
			sourceTree = "<group>";
		};
		E03E2ABE262729040072F6CA /* Controller */ = {
			isa = PBXGroup;
			children = (
				E03E2ABF262729180072F6CA /* NAAboutUsController.swift */,
			);
			path = Controller;
			sourceTree = "<group>";
		};
		E03E2AC926285B030072F6CA /* News Controllers */ = {
			isa = PBXGroup;
			children = (
				E03E2ACC26285B440072F6CA /* Models */,
				E03E2ACB26285B350072F6CA /* Parsing */,
				E03E2ACA26285B1C0072F6CA /* Controllers */,
				E03E2AD426285BB50072F6CA /* NANewsViewController.swift */,
				E03E2ADA26285C070072F6CA /* NAOneNewsViewController.swift */,
				E03E2AD726285BE00072F6CA /* NAPageViewController.swift */,
			);
			path = "News Controllers";
			sourceTree = "<group>";
		};
		E03E2ACA26285B1C0072F6CA /* Controllers */ = {
			isa = PBXGroup;
			children = (
			);
			path = Controllers;
			sourceTree = "<group>";
		};
		E03E2ACB26285B350072F6CA /* Parsing */ = {
			isa = PBXGroup;
			children = (
				E03E2AD126285B8C0072F6CA /* NAApiConnection.swift */,
			);
			path = Parsing;
			sourceTree = "<group>";
		};
		E03E2ACC26285B440072F6CA /* Models */ = {
			isa = PBXGroup;
			children = (
				E03E2ACD26285B620072F6CA /* NANewsModel.swift */,
			);
			path = Models;
			sourceTree = "<group>";
		};
		E03E2ADE26285CDA0072F6CA /* Onboarding Controllers */ = {
			isa = PBXGroup;
			children = (
				E03E2AED262872990072F6CA /* Cell */,
				E03E2AE826286F930072F6CA /* Controllers */,
				E03E2AE726286F870072F6CA /* Models */,
			);
			path = "Onboarding Controllers";
			sourceTree = "<group>";
		};
		E03E2AE726286F870072F6CA /* Models */ = {
			isa = PBXGroup;
			children = (
				E03E2AE926286FA70072F6CA /* NAOnboardingSlide.swift */,
			);
			path = Models;
			sourceTree = "<group>";
		};
		E03E2AE826286F930072F6CA /* Controllers */ = {
			isa = PBXGroup;
			children = (
				E03E2AE1262864580072F6CA /* NAOneboardingViewController.swift */,
			);
			path = Controllers;
			sourceTree = "<group>";
		};
		E03E2AED262872990072F6CA /* Cell */ = {
			isa = PBXGroup;
			children = (
				E03E2AEE262872AC0072F6CA /* NAOnboardingViewCell.swift */,
			);
			path = Cell;
			sourceTree = "<group>";
		};
		E0446DEF26304FB300B8FF22 /* Weather Controller */ = {
			isa = PBXGroup;
			children = (
				E0446DF026304FC000B8FF22 /* Controller */,
			);
			path = "Weather Controller";
			sourceTree = "<group>";
		};
		E0446DF026304FC000B8FF22 /* Controller */ = {
			isa = PBXGroup;
			children = (
				E0446DF126304FD900B8FF22 /* NAWeatherController.swift */,
			);
			path = Controller;
			sourceTree = "<group>";
		};
		E06B52B82625D57B0062CB0E /* Collection Controller */ = {
			isa = PBXGroup;
			children = (
				E03E2AA3262711990072F6CA /* Views */,
				E03E2AA12627113E0072F6CA /* Controllers */,
				E03E2AA0262711300072F6CA /* Features */,
				E06B52B92625D5860062CB0E /* ModelShedule */,
			);
			path = "Collection Controller";
			sourceTree = "<group>";
		};
		E06B52B92625D5860062CB0E /* ModelShedule */ = {
			isa = PBXGroup;
			children = (
				E06B52BA2625D5B40062CB0E /* NAShedule.swift */,
			);
			path = ModelShedule;
			sourceTree = "<group>";
		};
		E081E95E2610FFE300C3A831 /* Extension */ = {
			isa = PBXGroup;
			children = (
				E081E95B2610FFD500C3A831 /* Date+Ex.swift */,
			);
			name = Extension;
			path = Resources;
			sourceTree = "<group>";
		};
		E0883A1E260CE650005CE323 = {
			isa = PBXGroup;
			children = (
				E0883A29260CE650005CE323 /* NewsAPP */,
				E0883A28260CE650005CE323 /* Products */,
				02EC625CF033614CB82AB596 /* Pods */,
				5070927AD52B49C9CE7DC5B0 /* Frameworks */,
			);
			sourceTree = "<group>";
		};
		E0883A28260CE650005CE323 /* Products */ = {
			isa = PBXGroup;
			children = (
				E0883A27260CE650005CE323 /* NewsAPP.app */,
			);
			name = Products;
			sourceTree = "<group>";
		};
		E0883A29260CE650005CE323 /* NewsAPP */ = {
			isa = PBXGroup;
			children = (
				E03E2AA9262712C10072F6CA /* Common */,
				E0A9579F2629D28700DCB0FD /* Indicator Controllers */,
				E03E2ADE26285CDA0072F6CA /* Onboarding Controllers */,
				E03E2AC926285B030072F6CA /* News Controllers */,
				E06B52B82625D57B0062CB0E /* Collection Controller */,
				E09E8C6A2610F2B500FA158A /* Location Controlles */,
				E03E2ABD262728F40072F6CA /* AboutUs controllers */,
				E081E95E2610FFE300C3A831 /* Extension */,
				E09E8C6D2610F2EB00FA158A /* Resources */,
				E0883A38260CE652005CE323 /* Info.plist */,
			);
			path = NewsAPP;
			sourceTree = "<group>";
		};
		E09E8C6A2610F2B500FA158A /* Location Controlles */ = {
			isa = PBXGroup;
			children = (
				E0446DEF26304FB300B8FF22 /* Weather Controller */,
				E03E2AB5262713E90072F6CA /* Controllers */,
			);
			path = "Location Controlles";
			sourceTree = "<group>";
		};
		E09E8C6D2610F2EB00FA158A /* Resources */ = {
			isa = PBXGroup;
			children = (
				E0ED2059262CD63D003F7F59 /* Localization */,
				E0883A2A260CE650005CE323 /* AppDelegate.swift */,
				E0883A2C260CE650005CE323 /* SceneDelegate.swift */,
				E0883A33260CE651005CE323 /* Assets.xcassets */,
				E09E8C702610F31400FA158A /* Fonts */,
				E0883A30260CE650005CE323 /* Main.storyboard */,
				E0883A35260CE652005CE323 /* LaunchScreen.storyboard */,
			);
			path = Resources;
			sourceTree = "<group>";
		};
		E09E8C702610F31400FA158A /* Fonts */ = {
			isa = PBXGroup;
			children = (
				E09E8C742610F32900FA158A /* SF-Pro-Display-Medium.otf */,
				E09E8C712610F31900FA158A /* SF-Pro-Display-Black.otf */,
			);
			path = Fonts;
			sourceTree = "<group>";
		};
		E0A9579F2629D28700DCB0FD /* Indicator Controllers */ = {
			isa = PBXGroup;
			children = (
				E0A957A42629D2B600DCB0FD /* Controllers */,
			);
			path = "Indicator Controllers";
			sourceTree = "<group>";
		};
		E0A957A42629D2B600DCB0FD /* Controllers */ = {
			isa = PBXGroup;
			children = (
				E0A957A02629D2AF00DCB0FD /* NAIndicatorController.swift */,
			);
			path = Controllers;
			sourceTree = "<group>";
		};
		E0ED2059262CD63D003F7F59 /* Localization */ = {
			isa = PBXGroup;
			children = (
				E0ED2062262CD850003F7F59 /* Localizable.strings */,
			);
			path = Localization;
			sourceTree = "<group>";
		};
/* End PBXGroup section */

/* Begin PBXNativeTarget section */
		E0883A26260CE650005CE323 /* NewsAPP */ = {
			isa = PBXNativeTarget;
			buildConfigurationList = E0883A3B260CE652005CE323 /* Build configuration list for PBXNativeTarget "NewsAPP" */;
			buildPhases = (
				137DB39E30694764E79C9C35 /* [CP] Check Pods Manifest.lock */,
				E0883A23260CE650005CE323 /* Sources */,
				E0883A24260CE650005CE323 /* Frameworks */,
				E0883A25260CE650005CE323 /* Resources */,
				E09E8C752610F38300FA158A /* Swift Lint */,
				9E9520394ADF8D1FFC3533C5 /* [CP] Embed Pods Frameworks */,
			);
			buildRules = (
			);
			dependencies = (
			);
			name = NewsAPP;
			productName = NewsAPP;
			productReference = E0883A27260CE650005CE323 /* NewsAPP.app */;
			productType = "com.apple.product-type.application";
		};
/* End PBXNativeTarget section */

/* Begin PBXProject section */
		E0883A1F260CE650005CE323 /* Project object */ = {
			isa = PBXProject;
			attributes = {
				LastSwiftUpdateCheck = 1240;
				LastUpgradeCheck = 1240;
				TargetAttributes = {
					E0883A26260CE650005CE323 = {
						CreatedOnToolsVersion = 12.4;
					};
				};
			};
			buildConfigurationList = E0883A22260CE650005CE323 /* Build configuration list for PBXProject "NewsAPP" */;
			compatibilityVersion = "Xcode 9.3";
			developmentRegion = en;
			hasScannedForEncodings = 0;
			knownRegions = (
				en,
				Base,
				ru,
			);
			mainGroup = E0883A1E260CE650005CE323;
			productRefGroup = E0883A28260CE650005CE323 /* Products */;
			projectDirPath = "";
			projectRoot = "";
			targets = (
				E0883A26260CE650005CE323 /* NewsAPP */,
			);
		};
/* End PBXProject section */

/* Begin PBXResourcesBuildPhase section */
		E0883A25260CE650005CE323 /* Resources */ = {
			isa = PBXResourcesBuildPhase;
			buildActionMask = 2147483647;
			files = (
				E0883A37260CE652005CE323 /* LaunchScreen.storyboard in Resources */,
				E0ED2060262CD850003F7F59 /* Localizable.strings in Resources */,
				E0883A34260CE651005CE323 /* Assets.xcassets in Resources */,
				E0883A32260CE650005CE323 /* Main.storyboard in Resources */,
			);
			runOnlyForDeploymentPostprocessing = 0;
		};
/* End PBXResourcesBuildPhase section */

/* Begin PBXShellScriptBuildPhase section */
		137DB39E30694764E79C9C35 /* [CP] Check Pods Manifest.lock */ = {
			isa = PBXShellScriptBuildPhase;
			buildActionMask = 2147483647;
			files = (
			);
			inputFileListPaths = (
			);
			inputPaths = (
				"${PODS_PODFILE_DIR_PATH}/Podfile.lock",
				"${PODS_ROOT}/Manifest.lock",
			);
			name = "[CP] Check Pods Manifest.lock";
			outputFileListPaths = (
			);
			outputPaths = (
				"$(DERIVED_FILE_DIR)/Pods-NewsAPP-checkManifestLockResult.txt",
			);
			runOnlyForDeploymentPostprocessing = 0;
			shellPath = /bin/sh;
			shellScript = "diff \"${PODS_PODFILE_DIR_PATH}/Podfile.lock\" \"${PODS_ROOT}/Manifest.lock\" > /dev/null\nif [ $? != 0 ] ; then\n    # print error to STDERR\n    echo \"error: The sandbox is not in sync with the Podfile.lock. Run 'pod install' or update your CocoaPods installation.\" >&2\n    exit 1\nfi\n# This output is used by Xcode 'outputs' to avoid re-running this script phase.\necho \"SUCCESS\" > \"${SCRIPT_OUTPUT_FILE_0}\"\n";
			showEnvVarsInLog = 0;
		};
		9E9520394ADF8D1FFC3533C5 /* [CP] Embed Pods Frameworks */ = {
			isa = PBXShellScriptBuildPhase;
			buildActionMask = 2147483647;
			files = (
			);
			inputFileListPaths = (
				"${PODS_ROOT}/Target Support Files/Pods-NewsAPP/Pods-NewsAPP-frameworks-${CONFIGURATION}-input-files.xcfilelist",
			);
			name = "[CP] Embed Pods Frameworks";
			outputFileListPaths = (
				"${PODS_ROOT}/Target Support Files/Pods-NewsAPP/Pods-NewsAPP-frameworks-${CONFIGURATION}-output-files.xcfilelist",
			);
			runOnlyForDeploymentPostprocessing = 0;
			shellPath = /bin/sh;
			shellScript = "\"${PODS_ROOT}/Target Support Files/Pods-NewsAPP/Pods-NewsAPP-frameworks.sh\"\n";
			showEnvVarsInLog = 0;
		};
		E09E8C752610F38300FA158A /* Swift Lint */ = {
			isa = PBXShellScriptBuildPhase;
			buildActionMask = 2147483647;
			files = (
			);
			inputFileListPaths = (
			);
			inputPaths = (
			);
			name = "Swift Lint";
			outputFileListPaths = (
			);
			outputPaths = (
			);
			runOnlyForDeploymentPostprocessing = 0;
			shellPath = /bin/sh;
			shellScript = "
";
		};
/* End PBXShellScriptBuildPhase section */

/* Begin PBXSourcesBuildPhase section */
		E0883A23260CE650005CE323 /* Sources */ = {
			isa = PBXSourcesBuildPhase;
			buildActionMask = 2147483647;
			files = (
				E06B52C42625D9740062CB0E /* NAContextCell.swift in Sources */,
				E03E2ADB26285C070072F6CA /* NAOneNewsViewController.swift in Sources */,
				E06B52CD2625EAD40062CB0E /* NAResizableLayout.swift in Sources */,
				E03E2AEA26286FA70072F6CA /* NAOnboardingSlide.swift in Sources */,
				E03E2AC0262729180072F6CA /* NAAboutUsController.swift in Sources */,
				E06B52BB2625D5B40062CB0E /* NAShedule.swift in Sources */,
				E081E95C2610FFD500C3A831 /* Date+Ex.swift in Sources */,
				E03E2AD226285B8C0072F6CA /* NAApiConnection.swift in Sources */,
				E0A957A12629D2AF00DCB0FD /* NAIndicatorController.swift in Sources */,
				E0883A2B260CE650005CE323 /* AppDelegate.swift in Sources */,
				E03E2AEF262872AC0072F6CA /* NAOnboardingViewCell.swift in Sources */,
				E09E8C5A2610E39300FA158A /* NAButtonView.swift in Sources */,
				E03E2ACE26285B620072F6CA /* NANewsModel.swift in Sources */,
				E0883A2D260CE650005CE323 /* SceneDelegate.swift in Sources */,
				E09E8C672610EDFF00FA158A /* NARoundImageView.swift in Sources */,
				E0446DF226304FD900B8FF22 /* NAWeatherController.swift in Sources */,
				E03E2AE2262864580072F6CA /* NAOneboardingViewController.swift in Sources */,
				E06B52AE26250EE50062CB0E /* NALocationViewController.swift in Sources */,
				E03E2AD826285BE00072F6CA /* NAPageViewController.swift in Sources */,
				E06B52BE2625D5EF0062CB0E /* NAAccets.swift in Sources */,
				E06B52C12625D6170062CB0E /* NASheduleStorage.swift in Sources */,
				E03E2AD526285BB50072F6CA /* NANewsViewController.swift in Sources */,
				E06B52B62625BDA60062CB0E /* NACollectionWithTimeTable.swift in Sources */,
			);
			runOnlyForDeploymentPostprocessing = 0;
		};
/* End PBXSourcesBuildPhase section */

/* Begin PBXVariantGroup section */
		E0883A30260CE650005CE323 /* Main.storyboard */ = {
			isa = PBXVariantGroup;
			children = (
				E0883A31260CE650005CE323 /* Base */,
				E0ED205D262CD731003F7F59 /* ru */,
			);
			name = Main.storyboard;
			sourceTree = "<group>";
		};
		E0883A35260CE652005CE323 /* LaunchScreen.storyboard */ = {
			isa = PBXVariantGroup;
			children = (
				E0883A36260CE652005CE323 /* Base */,
				E0ED205E262CD731003F7F59 /* ru */,
			);
			name = LaunchScreen.storyboard;
			sourceTree = "<group>";
		};
		E0ED2062262CD850003F7F59 /* Localizable.strings */ = {
			isa = PBXVariantGroup;
			children = (
				E0ED2061262CD850003F7F59 /* en */,
				E0ED2064262CD85E003F7F59 /* ru */,
			);
			name = Localizable.strings;
			sourceTree = "<group>";
		};
/* End PBXVariantGroup section */

/* Begin XCBuildConfiguration section */
		E0883A39260CE652005CE323 /* Debug */ = {
			isa = XCBuildConfiguration;
			buildSettings = {
				ALWAYS_SEARCH_USER_PATHS = NO;
				CLANG_ANALYZER_LOCALIZABILITY_NONLOCALIZED = YES;
				CLANG_ANALYZER_NONNULL = YES;
				CLANG_ANALYZER_NUMBER_OBJECT_CONVERSION = YES_AGGRESSIVE;
				CLANG_CXX_LANGUAGE_STANDARD = "gnu++14";
				CLANG_CXX_LIBRARY = "libc++";
				CLANG_ENABLE_MODULES = YES;
				CLANG_ENABLE_OBJC_ARC = YES;
				CLANG_ENABLE_OBJC_WEAK = YES;
				CLANG_WARN_BLOCK_CAPTURE_AUTORELEASING = YES;
				CLANG_WARN_BOOL_CONVERSION = YES;
				CLANG_WARN_COMMA = YES;
				CLANG_WARN_CONSTANT_CONVERSION = YES;
				CLANG_WARN_DEPRECATED_OBJC_IMPLEMENTATIONS = YES;
				CLANG_WARN_DIRECT_OBJC_ISA_USAGE = YES_ERROR;
				CLANG_WARN_DOCUMENTATION_COMMENTS = YES;
				CLANG_WARN_EMPTY_BODY = YES;
				CLANG_WARN_ENUM_CONVERSION = YES;
				CLANG_WARN_INFINITE_RECURSION = YES;
				CLANG_WARN_INT_CONVERSION = YES;
				CLANG_WARN_NON_LITERAL_NULL_CONVERSION = YES;
				CLANG_WARN_OBJC_IMPLICIT_RETAIN_SELF = YES;
				CLANG_WARN_OBJC_LITERAL_CONVERSION = YES;
				CLANG_WARN_OBJC_ROOT_CLASS = YES_ERROR;
				CLANG_WARN_QUOTED_INCLUDE_IN_FRAMEWORK_HEADER = YES;
				CLANG_WARN_RANGE_LOOP_ANALYSIS = YES;
				CLANG_WARN_STRICT_PROTOTYPES = YES;
				CLANG_WARN_SUSPICIOUS_MOVE = YES;
				CLANG_WARN_UNGUARDED_AVAILABILITY = YES_AGGRESSIVE;
				CLANG_WARN_UNREACHABLE_CODE = YES;
				CLANG_WARN__DUPLICATE_METHOD_MATCH = YES;
				COPY_PHASE_STRIP = NO;
				DEBUG_INFORMATION_FORMAT = dwarf;
				ENABLE_STRICT_OBJC_MSGSEND = YES;
				ENABLE_TESTABILITY = YES;
				GCC_C_LANGUAGE_STANDARD = gnu11;
				GCC_DYNAMIC_NO_PIC = NO;
				GCC_NO_COMMON_BLOCKS = YES;
				GCC_OPTIMIZATION_LEVEL = 0;
				GCC_PREPROCESSOR_DEFINITIONS = (
					"DEBUG=1",
					"$(inherited)",
				);
				GCC_WARN_64_TO_32_BIT_CONVERSION = YES;
				GCC_WARN_ABOUT_RETURN_TYPE = YES_ERROR;
				GCC_WARN_UNDECLARED_SELECTOR = YES;
				GCC_WARN_UNINITIALIZED_AUTOS = YES_AGGRESSIVE;
				GCC_WARN_UNUSED_FUNCTION = YES;
				GCC_WARN_UNUSED_VARIABLE = YES;
				IPHONEOS_DEPLOYMENT_TARGET = 14.4;
				MTL_ENABLE_DEBUG_INFO = INCLUDE_SOURCE;
				MTL_FAST_MATH = YES;
				ONLY_ACTIVE_ARCH = YES;
				SDKROOT = iphoneos;
				SWIFT_ACTIVE_COMPILATION_CONDITIONS = DEBUG;
				SWIFT_OPTIMIZATION_LEVEL = "-Onone";
			};
			name = Debug;
		};
		E0883A3A260CE652005CE323 /* Release */ = {
			isa = XCBuildConfiguration;
			buildSettings = {
				ALWAYS_SEARCH_USER_PATHS = NO;
				CLANG_ANALYZER_LOCALIZABILITY_NONLOCALIZED = YES;
				CLANG_ANALYZER_NONNULL = YES;
				CLANG_ANALYZER_NUMBER_OBJECT_CONVERSION = YES_AGGRESSIVE;
				CLANG_CXX_LANGUAGE_STANDARD = "gnu++14";
				CLANG_CXX_LIBRARY = "libc++";
				CLANG_ENABLE_MODULES = YES;
				CLANG_ENABLE_OBJC_ARC = YES;
				CLANG_ENABLE_OBJC_WEAK = YES;
				CLANG_WARN_BLOCK_CAPTURE_AUTORELEASING = YES;
				CLANG_WARN_BOOL_CONVERSION = YES;
				CLANG_WARN_COMMA = YES;
				CLANG_WARN_CONSTANT_CONVERSION = YES;
				CLANG_WARN_DEPRECATED_OBJC_IMPLEMENTATIONS = YES;
				CLANG_WARN_DIRECT_OBJC_ISA_USAGE = YES_ERROR;
				CLANG_WARN_DOCUMENTATION_COMMENTS = YES;
				CLANG_WARN_EMPTY_BODY = YES;
				CLANG_WARN_ENUM_CONVERSION = YES;
				CLANG_WARN_INFINITE_RECURSION = YES;
				CLANG_WARN_INT_CONVERSION = YES;
				CLANG_WARN_NON_LITERAL_NULL_CONVERSION = YES;
				CLANG_WARN_OBJC_IMPLICIT_RETAIN_SELF = YES;
				CLANG_WARN_OBJC_LITERAL_CONVERSION = YES;
				CLANG_WARN_OBJC_ROOT_CLASS = YES_ERROR;
				CLANG_WARN_QUOTED_INCLUDE_IN_FRAMEWORK_HEADER = YES;
				CLANG_WARN_RANGE_LOOP_ANALYSIS = YES;
				CLANG_WARN_STRICT_PROTOTYPES = YES;
				CLANG_WARN_SUSPICIOUS_MOVE = YES;
				CLANG_WARN_UNGUARDED_AVAILABILITY = YES_AGGRESSIVE;
				CLANG_WARN_UNREACHABLE_CODE = YES;
				CLANG_WARN__DUPLICATE_METHOD_MATCH = YES;
				COPY_PHASE_STRIP = NO;
				DEBUG_INFORMATION_FORMAT = "dwarf-with-dsym";
				ENABLE_NS_ASSERTIONS = NO;
				ENABLE_STRICT_OBJC_MSGSEND = YES;
				GCC_C_LANGUAGE_STANDARD = gnu11;
				GCC_NO_COMMON_BLOCKS = YES;
				GCC_WARN_64_TO_32_BIT_CONVERSION = YES;
				GCC_WARN_ABOUT_RETURN_TYPE = YES_ERROR;
				GCC_WARN_UNDECLARED_SELECTOR = YES;
				GCC_WARN_UNINITIALIZED_AUTOS = YES_AGGRESSIVE;
				GCC_WARN_UNUSED_FUNCTION = YES;
				GCC_WARN_UNUSED_VARIABLE = YES;
				IPHONEOS_DEPLOYMENT_TARGET = 14.4;
				MTL_ENABLE_DEBUG_INFO = NO;
				MTL_FAST_MATH = YES;
				SDKROOT = iphoneos;
				SWIFT_COMPILATION_MODE = wholemodule;
				SWIFT_OPTIMIZATION_LEVEL = "-O";
				VALIDATE_PRODUCT = YES;
			};
			name = Release;
		};
		E0883A3C260CE652005CE323 /* Debug */ = {
			isa = XCBuildConfiguration;
			baseConfigurationReference = 49412FD81AA7B1AF17E3FDC5 /* Pods-NewsAPP.debug.xcconfig */;
			buildSettings = {
				ASSETCATALOG_COMPILER_APPICON_NAME = AppIcon;
				ASSETCATALOG_COMPILER_GLOBAL_ACCENT_COLOR_NAME = AccentColor;
				CODE_SIGN_STYLE = Automatic;
				DEVELOPMENT_TEAM = Z6Y38XHK9J;
				INFOPLIST_FILE = NewsAPP/Info.plist;
				LD_RUNPATH_SEARCH_PATHS = (
					"$(inherited)",
					"@executable_path/Frameworks",
				);
				PRODUCT_BUNDLE_IDENTIFIER = by.soiko.NewsAPP;
				PRODUCT_NAME = "$(TARGET_NAME)";
				SWIFT_VERSION = 5.0;
				TARGETED_DEVICE_FAMILY = "1,2";
			};
			name = Debug;
		};
		E0883A3D260CE652005CE323 /* Release */ = {
			isa = XCBuildConfiguration;
			baseConfigurationReference = 36EED1859533EAC3111629CF /* Pods-NewsAPP.release.xcconfig */;
			buildSettings = {
				ASSETCATALOG_COMPILER_APPICON_NAME = AppIcon;
				ASSETCATALOG_COMPILER_GLOBAL_ACCENT_COLOR_NAME = AccentColor;
				CODE_SIGN_STYLE = Automatic;
				DEVELOPMENT_TEAM = Z6Y38XHK9J;
				INFOPLIST_FILE = NewsAPP/Info.plist;
				LD_RUNPATH_SEARCH_PATHS = (
					"$(inherited)",
					"@executable_path/Frameworks",
				);
				PRODUCT_BUNDLE_IDENTIFIER = by.soiko.NewsAPP;
				PRODUCT_NAME = "$(TARGET_NAME)";
				SWIFT_VERSION = 5.0;
				TARGETED_DEVICE_FAMILY = "1,2";
			};
			name = Release;
		};
/* End XCBuildConfiguration section */

/* Begin XCConfigurationList section */
		E0883A22260CE650005CE323 /* Build configuration list for PBXProject "NewsAPP" */ = {
			isa = XCConfigurationList;
			buildConfigurations = (
				E0883A39260CE652005CE323 /* Debug */,
				E0883A3A260CE652005CE323 /* Release */,
			);
			defaultConfigurationIsVisible = 0;
			defaultConfigurationName = Release;
		};
		E0883A3B260CE652005CE323 /* Build configuration list for PBXNativeTarget "NewsAPP" */ = {
			isa = XCConfigurationList;
			buildConfigurations = (
				E0883A3C260CE652005CE323 /* Debug */,
				E0883A3D260CE652005CE323 /* Release */,
			);
			defaultConfigurationIsVisible = 0;
			defaultConfigurationName = Release;
		};
/* End XCConfigurationList section */
	};
	rootObject = E0883A1F260CE650005CE323 /* Project object */;
}
